
Microsoft Visual Studio Solution File, Format Version 12.00
# Visual Studio Version 16
VisualStudioVersion = 16.0.29905.134
MinimumVisualStudioVersion = 10.0.40219.1
Project("{FAE04EC0-301F-11D3-BF4B-00C04F79EFBC}") = "RestApiFramework", "RestApiFramework\RestApiFramework.csproj", "{9E9BA653-237A-4280-84E1-250B6C18C4EA}"
EndProject
Project("{FAE04EC0-301F-11D3-BF4B-00C04F79EFBC}") = "DAL", "DAL\DAL.csproj", "{F5E1C894-9FA0-443F-978A-39853ADA3F5A}"
EndProject
Project("{FAE04EC0-301F-11D3-BF4B-00C04F79EFBC}") = "LOGIC", "LOGIC\LOGIC.csproj", "{E1B92CDD-BEB2-4AAA-AA93-0719286BE488}"
EndProject
Global
	GlobalSection(SolutionConfigurationPlatforms) = preSolution
		Debug|Any CPU = Debug|Any CPU
		Release|Any CPU = Release|Any CPU
	EndGlobalSection
	GlobalSection(ProjectConfigurationPlatforms) = postSolution
		{9E9BA653-237A-4280-84E1-250B6C18C4EA}.Debug|Any CPU.ActiveCfg = Debug|Any CPU
		{9E9BA653-237A-4280-84E1-250B6C18C4EA}.Debug|Any CPU.Build.0 = Debug|Any CPU
		{9E9BA653-237A-4280-84E1-250B6C18C4EA}.Release|Any CPU.ActiveCfg = Release|Any CPU
		{9E9BA653-237A-4280-84E1-250B6C18C4EA}.Release|Any CPU.Build.0 = Release|Any CPU
		{F5E1C894-9FA0-443F-978A-39853ADA3F5A}.Debug|Any CPU.ActiveCfg = Debug|Any CPU
		{F5E1C894-9FA0-443F-978A-39853ADA3F5A}.Debug|Any CPU.Build.0 = Debug|Any CPU
		{F5E1C894-9FA0-443F-978A-39853ADA3F5A}.Release|Any CPU.ActiveCfg = Release|Any CPU
		{F5E1C894-9FA0-443F-978A-39853ADA3F5A}.Release|Any CPU.Build.0 = Release|Any CPU
		{E1B92CDD-BEB2-4AAA-AA93-0719286BE488}.Debug|Any CPU.ActiveCfg = Debug|Any CPU
		{E1B92CDD-BEB2-4AAA-AA93-0719286BE488}.Debug|Any CPU.Build.0 = Debug|Any CPU
		{E1B92CDD-BEB2-4AAA-AA93-0719286BE488}.Release|Any CPU.ActiveCfg = Release|Any CPU
		{E1B92CDD-BEB2-4AAA-AA93-0719286BE488}.Release|Any CPU.Build.0 = Release|Any CPU
	EndGlobalSection
	GlobalSection(SolutionProperties) = preSolution
		HideSolutionNode = FALSE
	EndGlobalSection
	GlobalSection(ExtensibilityGlobals) = postSolution
		SolutionGuid = {19CA9A45-6000-44FD-842D-2B0CB4C35E32}
	EndGlobalSection
EndGlobal
